
Microsoft Visual Studio Solution File, Format Version 12.00
# Visual Studio 15
VisualStudioVersion = 15.0.28307.168
MinimumVisualStudioVersion = 10.0.40219.1
Project("{9A19103F-16F7-4668-BE54-9A1E7A4F7556}") = "SimpleMiddleware", "SimpleMiddleware\SimpleMiddleware.csproj", "{DC380FD5-9613-4C68-9BC2-9033E3703F05}"
EndProject
Project("{9A19103F-16F7-4668-BE54-9A1E7A4F7556}") = "MvcFromScratch", "MvcFromScratch\MvcFromScratch.csproj", "{BBBB0BAE-5D0D-4697-9B87-42B54A722EF3}"
EndProject
Project("{FAE04EC0-301F-11D3-BF4B-00C04F79EFBC}") = "RazorSamples", "RazorSamples\RazorSamples.csproj", "{BAC80BDC-40EB-40BB-A485-3DFC5AB8DCA8}"
EndProject
Project("{FAE04EC0-301F-11D3-BF4B-00C04F79EFBC}") = "Prototypes", "Prototypes\Prototypes.csproj", "{B6600587-5D77-4A18-8C48-50407B2A784A}"
EndProject
Project("{FAE04EC0-301F-11D3-BF4B-00C04F79EFBC}") = "UtilLib", "UtilLib\UtilLib.csproj", "{FF086B0A-719A-4EBA-8083-35686B7D46B7}"
EndProject
Project("{FAE04EC0-301F-11D3-BF4B-00C04F79EFBC}") = "WebUtilsApp", "WebUtilsApp\WebUtilsApp.csproj", "{6BFC6561-8F38-4558-9592-CD000631C89F}"
EndProject
Global
	GlobalSection(SolutionConfigurationPlatforms) = preSolution
		Debug|Any CPU = Debug|Any CPU
		Release|Any CPU = Release|Any CPU
	EndGlobalSection
	GlobalSection(ProjectConfigurationPlatforms) = postSolution
		{DC380FD5-9613-4C68-9BC2-9033E3703F05}.Debug|Any CPU.ActiveCfg = Debug|Any CPU
		{DC380FD5-9613-4C68-9BC2-9033E3703F05}.Debug|Any CPU.Build.0 = Debug|Any CPU
		{DC380FD5-9613-4C68-9BC2-9033E3703F05}.Release|Any CPU.ActiveCfg = Release|Any CPU
		{DC380FD5-9613-4C68-9BC2-9033E3703F05}.Release|Any CPU.Build.0 = Release|Any CPU
		{BBBB0BAE-5D0D-4697-9B87-42B54A722EF3}.Debug|Any CPU.ActiveCfg = Debug|Any CPU
		{BBBB0BAE-5D0D-4697-9B87-42B54A722EF3}.Debug|Any CPU.Build.0 = Debug|Any CPU
		{BBBB0BAE-5D0D-4697-9B87-42B54A722EF3}.Release|Any CPU.ActiveCfg = Release|Any CPU
		{BBBB0BAE-5D0D-4697-9B87-42B54A722EF3}.Release|Any CPU.Build.0 = Release|Any CPU
		{BAC80BDC-40EB-40BB-A485-3DFC5AB8DCA8}.Debug|Any CPU.ActiveCfg = Debug|Any CPU
		{BAC80BDC-40EB-40BB-A485-3DFC5AB8DCA8}.Debug|Any CPU.Build.0 = Debug|Any CPU
		{BAC80BDC-40EB-40BB-A485-3DFC5AB8DCA8}.Release|Any CPU.ActiveCfg = Release|Any CPU
		{BAC80BDC-40EB-40BB-A485-3DFC5AB8DCA8}.Release|Any CPU.Build.0 = Release|Any CPU
		{B6600587-5D77-4A18-8C48-50407B2A784A}.Debug|Any CPU.ActiveCfg = Debug|Any CPU
		{B6600587-5D77-4A18-8C48-50407B2A784A}.Debug|Any CPU.Build.0 = Debug|Any CPU
		{B6600587-5D77-4A18-8C48-50407B2A784A}.Release|Any CPU.ActiveCfg = Release|Any CPU
		{B6600587-5D77-4A18-8C48-50407B2A784A}.Release|Any CPU.Build.0 = Release|Any CPU
		{FF086B0A-719A-4EBA-8083-35686B7D46B7}.Debug|Any CPU.ActiveCfg = Debug|Any CPU
		{FF086B0A-719A-4EBA-8083-35686B7D46B7}.Debug|Any CPU.Build.0 = Debug|Any CPU
		{FF086B0A-719A-4EBA-8083-35686B7D46B7}.Release|Any CPU.ActiveCfg = Release|Any CPU
		{FF086B0A-719A-4EBA-8083-35686B7D46B7}.Release|Any CPU.Build.0 = Release|Any CPU
		{6BFC6561-8F38-4558-9592-CD000631C89F}.Debug|Any CPU.ActiveCfg = Debug|Any CPU
		{6BFC6561-8F38-4558-9592-CD000631C89F}.Debug|Any CPU.Build.0 = Debug|Any CPU
		{6BFC6561-8F38-4558-9592-CD000631C89F}.Release|Any CPU.ActiveCfg = Release|Any CPU
		{6BFC6561-8F38-4558-9592-CD000631C89F}.Release|Any CPU.Build.0 = Release|Any CPU
	EndGlobalSection
	GlobalSection(SolutionProperties) = preSolution
		HideSolutionNode = FALSE
	EndGlobalSection
	GlobalSection(ExtensibilityGlobals) = postSolution
		SolutionGuid = {2D035DCD-9638-4425-8364-C7312D339E22}
	EndGlobalSection
EndGlobal
